
Microsoft Visual Studio Solution File, Format Version 12.00
# Visual Studio Version 17
VisualStudioVersion = 17.13.35919.96 d17.13
MinimumVisualStudioVersion = 10.0.40219.1
Project("{FAE04EC0-301F-11D3-BF4B-00C04F79EFBC}") = "DeliverIT.Pagamento.API", "DeliverIT.Pagamento.API\DeliverIT.Pagamento.API.csproj", "{70BEF1DB-0D0B-4A4B-B0BA-8770BEFCD831}"
EndProject
Project("{FAE04EC0-301F-11D3-BF4B-00C04F79EFBC}") = "DeliverIT.Pagamento.Domain", "DeliverIT.Pagamento.Domain\DeliverIT.Pagamento.Domain.csproj", "{43429ABC-C192-4824-8E70-5055F9CCC8B7}"
EndProject
Project("{FAE04EC0-301F-11D3-BF4B-00C04F79EFBC}") = "DeliverIT.Pagamento.Application", "DeliverIT.Pagamento.Application\DeliverIT.Pagamento.Application.csproj", "{8C0CC104-921E-4958-86DA-7DD8DA7C98B9}"
EndProject
Project("{FAE04EC0-301F-11D3-BF4B-00C04F79EFBC}") = "DeliverIT.Pagamento.Infrastructure", "DeliverIT.Pagamento.Infrastructure\DeliverIT.Pagamento.Infrastructure.csproj", "{D3E5CA18-6720-40BB-BB2F-6D5F4BDFCAC2}"
EndProject
Project("{FAE04EC0-301F-11D3-BF4B-00C04F79EFBC}") = "DeliverIT.Pagamento.Tests", "DeliverIT.Pagamento.Tests\DeliverIT.Pagamento.Tests.csproj", "{0A7EF694-522F-4E74-8F59-8ED7D3861BAC}"
EndProject
Global
	GlobalSection(SolutionConfigurationPlatforms) = preSolution
		Debug|Any CPU = Debug|Any CPU
		Release|Any CPU = Release|Any CPU
	EndGlobalSection
	GlobalSection(ProjectConfigurationPlatforms) = postSolution
		{70BEF1DB-0D0B-4A4B-B0BA-8770BEFCD831}.Debug|Any CPU.ActiveCfg = Debug|Any CPU
		{70BEF1DB-0D0B-4A4B-B0BA-8770BEFCD831}.Debug|Any CPU.Build.0 = Debug|Any CPU
		{70BEF1DB-0D0B-4A4B-B0BA-8770BEFCD831}.Release|Any CPU.ActiveCfg = Release|Any CPU
		{70BEF1DB-0D0B-4A4B-B0BA-8770BEFCD831}.Release|Any CPU.Build.0 = Release|Any CPU
		{43429ABC-C192-4824-8E70-5055F9CCC8B7}.Debug|Any CPU.ActiveCfg = Debug|Any CPU
		{43429ABC-C192-4824-8E70-5055F9CCC8B7}.Debug|Any CPU.Build.0 = Debug|Any CPU
		{43429ABC-C192-4824-8E70-5055F9CCC8B7}.Release|Any CPU.ActiveCfg = Release|Any CPU
		{43429ABC-C192-4824-8E70-5055F9CCC8B7}.Release|Any CPU.Build.0 = Release|Any CPU
		{8C0CC104-921E-4958-86DA-7DD8DA7C98B9}.Debug|Any CPU.ActiveCfg = Debug|Any CPU
		{8C0CC104-921E-4958-86DA-7DD8DA7C98B9}.Debug|Any CPU.Build.0 = Debug|Any CPU
		{8C0CC104-921E-4958-86DA-7DD8DA7C98B9}.Release|Any CPU.ActiveCfg = Release|Any CPU
		{8C0CC104-921E-4958-86DA-7DD8DA7C98B9}.Release|Any CPU.Build.0 = Release|Any CPU
		{D3E5CA18-6720-40BB-BB2F-6D5F4BDFCAC2}.Debug|Any CPU.ActiveCfg = Debug|Any CPU
		{D3E5CA18-6720-40BB-BB2F-6D5F4BDFCAC2}.Debug|Any CPU.Build.0 = Debug|Any CPU
		{D3E5CA18-6720-40BB-BB2F-6D5F4BDFCAC2}.Release|Any CPU.ActiveCfg = Release|Any CPU
		{D3E5CA18-6720-40BB-BB2F-6D5F4BDFCAC2}.Release|Any CPU.Build.0 = Release|Any CPU
		{0A7EF694-522F-4E74-8F59-8ED7D3861BAC}.Debug|Any CPU.ActiveCfg = Debug|Any CPU
		{0A7EF694-522F-4E74-8F59-8ED7D3861BAC}.Debug|Any CPU.Build.0 = Debug|Any CPU
		{0A7EF694-522F-4E74-8F59-8ED7D3861BAC}.Release|Any CPU.ActiveCfg = Release|Any CPU
		{0A7EF694-522F-4E74-8F59-8ED7D3861BAC}.Release|Any CPU.Build.0 = Release|Any CPU
	EndGlobalSection
	GlobalSection(SolutionProperties) = preSolution
		HideSolutionNode = FALSE
	EndGlobalSection
	GlobalSection(ExtensibilityGlobals) = postSolution
		SolutionGuid = {C1E774A6-DCB9-4947-931F-7E9C680347D3}
	EndGlobalSection
EndGlobal
